<?xml version="1.0" encoding="utf-8"?>
<Project ToolsVersion="4.0" xmlns="http://schemas.microsoft.com/developer/msbuild/2003">
  <ItemGroup>
    <Filter Include="소스 파일">
      <UniqueIdentifier>{4FC737F1-C7A5-4376-A066-2A32D752A2FF}</UniqueIdentifier>
      <Extensions>cpp;c;cc;cxx;c++;cppm;ixx;def;odl;idl;hpj;bat;asm;asmx</Extensions>
    </Filter>
    <Filter Include="헤더 파일">
      <UniqueIdentifier>{93995380-89BD-4b04-88EB-625FBE52EBFB}</UniqueIdentifier>
      <Extensions>h;hh;hpp;hxx;h++;hm;inl;inc;ipp;xsd</Extensions>
    </Filter>
    <Filter Include="리소스 파일">
      <UniqueIdentifier>{67DA6AB6-F800-4c08-8B7A-83BB121AAD01}</UniqueIdentifier>
      <Extensions>rc;ico;cur;bmp;dlg;rc2;rct;bin;rgs;gif;jpg;jpeg;jpe;resx;tiff;tif;png;wav;mfcribbon-ms</Extensions>
    </Filter>
    <Filter Include="소스 파일\4.1_카메라와 동영상 파일 다루기">
      <UniqueIdentifier>{e790c812-c00c-4073-9ab3-870e22cc0cd8}</UniqueIdentifier>
    </Filter>
    <Filter Include="소스 파일\4.2_다양한 그리기 함수">
      <UniqueIdentifier>{a64de51a-8b3d-4813-9e56-07b28c0d273f}</UniqueIdentifier>
    </Filter>
    <Filter Include="소스 파일\4.3_이벤트 처리">
      <UniqueIdentifier>{a1ad545c-8481-4cb2-8c24-ce0f817a3d47}</UniqueIdentifier>
    </Filter>
    <Filter Include="소스 파일\4.4 OpenCV 데이터 파일 입출력">
      <UniqueIdentifier>{775868aa-257b-4719-9cbb-f90c40a63934}</UniqueIdentifier>
    </Filter>
    <Filter Include="소스 파일\4.5 유용한 OpenCV 기능">
      <UniqueIdentifier>{9d65665e-09d8-4f30-adf1-350bfc8d46ef}</UniqueIdentifier>
    </Filter>
  </ItemGroup>
  <ItemGroup>
    <ClCompile Include="1. Camera Input.cpp">
      <Filter>소스 파일\4.1_카메라와 동영상 파일 다루기</Filter>
    </ClCompile>
    <ClCompile Include="main.cpp">
      <Filter>소스 파일</Filter>
    </ClCompile>
    <ClCompile Include="2. Video Input.cpp">
      <Filter>소스 파일\4.1_카메라와 동영상 파일 다루기</Filter>
    </ClCompile>
    <ClCompile Include="3. Camera input Video Output.cpp">
      <Filter>소스 파일\4.1_카메라와 동영상 파일 다루기</Filter>
    </ClCompile>
    <ClCompile Include="1. DrawingLine.cpp">
      <Filter>소스 파일\4.2_다양한 그리기 함수</Filter>
    </ClCompile>
    <ClCompile Include="2. DrawingPolys.cpp">
      <Filter>소스 파일\4.2_다양한 그리기 함수</Filter>
    </ClCompile>
    <ClCompile Include="3. DrawingText1.cpp">
      <Filter>소스 파일\4.2_다양한 그리기 함수</Filter>
    </ClCompile>
    <ClCompile Include="4. DrawingText2.cpp">
      <Filter>소스 파일\4.2_다양한 그리기 함수</Filter>
    </ClCompile>
    <ClCompile Include="homework.cpp">
      <Filter>소스 파일\4.2_다양한 그리기 함수</Filter>
    </ClCompile>
    <ClCompile Include="1. Keyboard.cpp">
      <Filter>소스 파일\4.3_이벤트 처리</Filter>
    </ClCompile>
    <ClCompile Include="2. Mouse.cpp">
      <Filter>소스 파일\4.3_이벤트 처리</Filter>
    </ClCompile>
    <ClCompile Include="3. Trackbar.cpp">
      <Filter>소스 파일\4.3_이벤트 처리</Filter>
    </ClCompile>
    <ClCompile Include="1. writeData.cpp">
      <Filter>소스 파일\4.4 OpenCV 데이터 파일 입출력</Filter>
    </ClCompile>
    <ClCompile Include="2. readData.cpp">
      <Filter>소스 파일\4.4 OpenCV 데이터 파일 입출력</Filter>
    </ClCompile>
    <ClCompile Include="1. Mask.cpp">
      <Filter>소스 파일\4.5 유용한 OpenCV 기능</Filter>
    </ClCompile>
    <ClCompile Include="2. Utils.cpp">
      <Filter>소스 파일\4.5 유용한 OpenCV 기능</Filter>
    </ClCompile>
    <ClCompile Include="ch4_homework.cpp">
      <Filter>소스 파일</Filter>
    </ClCompile>
    <ClCompile Include="ch4_homework2.cpp">
      <Filter>소스 파일</Filter>
    </ClCompile>
    <ClCompile Include="3. Time.cpp">
      <Filter>소스 파일\4.5 유용한 OpenCV 기능</Filter>
    </ClCompile>
  </ItemGroup>
</Project>