<?xml version="1.0" encoding="utf-8"?>
<Project ToolsVersion="4.0" xmlns="http://schemas.microsoft.com/developer/msbuild/2003">
  <ItemGroup>
    <Filter Include="헤더 파일">
      <UniqueIdentifier>{93995380-89BD-4b04-88EB-625FBE52EBFB}</UniqueIdentifier>
      <Extensions>h;hh;hpp;hxx;h++;hm;inl;inc;ipp;xsd</Extensions>
    </Filter>
    <Filter Include="리소스 파일">
      <UniqueIdentifier>{67DA6AB6-F800-4c08-8B7A-83BB121AAD01}</UniqueIdentifier>
      <Extensions>rc;ico;cur;bmp;dlg;rc2;rct;bin;rgs;gif;jpg;jpeg;jpe;resx;tiff;tif;png;wav;mfcribbon-ms</Extensions>
    </Filter>
    <Filter Include="소스 파일">
      <UniqueIdentifier>{4FC737F1-C7A5-4376-A066-2A32D752A2FF}</UniqueIdentifier>
      <Extensions>cpp;c;cc;cxx;c++;cppm;ixx;def;odl;idl;hpj;bat;asm;asmx</Extensions>
    </Filter>
    <Filter Include="소스 파일\3.1_Basic Class">
      <UniqueIdentifier>{c898993d-1406-4892-a2cd-70c3b0e67731}</UniqueIdentifier>
    </Filter>
    <Filter Include="소스 파일\3.2 Mat Class">
      <UniqueIdentifier>{0f709dd7-ae00-4b8f-a55c-36794973ed33}</UniqueIdentifier>
    </Filter>
    <Filter Include="소스 파일\3.3 Vec&amp;Scalar">
      <UniqueIdentifier>{5004b30f-725f-49cd-9fd9-be97f8b291c4}</UniqueIdentifier>
    </Filter>
    <Filter Include="소스 파일\3.4 Input &amp; Output Array Class">
      <UniqueIdentifier>{e220582f-ffeb-410f-a9aa-0e7b4530fecb}</UniqueIdentifier>
    </Filter>
  </ItemGroup>
  <ItemGroup>
    <ClCompile Include="1. Point.cpp">
      <Filter>소스 파일\3.1_Basic Class</Filter>
    </ClCompile>
    <ClCompile Include="2. Size.cpp">
      <Filter>소스 파일\3.1_Basic Class</Filter>
    </ClCompile>
    <ClCompile Include="3. Rect.cpp">
      <Filter>소스 파일\3.1_Basic Class</Filter>
    </ClCompile>
    <ClCompile Include="4. RotatedRect.cpp">
      <Filter>소스 파일\3.1_Basic Class</Filter>
    </ClCompile>
    <ClCompile Include="5. Range.cpp">
      <Filter>소스 파일\3.1_Basic Class</Filter>
    </ClCompile>
    <ClCompile Include="6. String.cpp">
      <Filter>소스 파일\3.1_Basic Class</Filter>
    </ClCompile>
    <ClCompile Include="1. MatOp1.cpp">
      <Filter>소스 파일\3.2 Mat Class</Filter>
    </ClCompile>
    <ClCompile Include="2. MatOp2.cpp">
      <Filter>소스 파일\3.2 Mat Class</Filter>
    </ClCompile>
    <ClCompile Include="3. MatOp3.cpp">
      <Filter>소스 파일\3.2 Mat Class</Filter>
    </ClCompile>
    <ClCompile Include="4. MatOp4.cpp">
      <Filter>소스 파일\3.2 Mat Class</Filter>
    </ClCompile>
    <ClCompile Include="5. MatOp5.cpp">
      <Filter>소스 파일\3.2 Mat Class</Filter>
    </ClCompile>
    <ClCompile Include="6. MatOp6.cpp">
      <Filter>소스 파일\3.2 Mat Class</Filter>
    </ClCompile>
    <ClCompile Include="7. MatOp7.cpp">
      <Filter>소스 파일\3.2 Mat Class</Filter>
    </ClCompile>
    <ClCompile Include="1. Vec.cpp">
      <Filter>소스 파일\3.3 Vec&amp;Scalar</Filter>
    </ClCompile>
    <ClCompile Include="2. Scalar.cpp">
      <Filter>소스 파일\3.3 Vec&amp;Scalar</Filter>
    </ClCompile>
    <ClCompile Include="1. InputArray.cpp">
      <Filter>소스 파일\3.4 Input &amp; Output Array Class</Filter>
    </ClCompile>
    <ClCompile Include="2. OutputArray.cpp">
      <Filter>소스 파일\3.4 Input &amp; Output Array Class</Filter>
    </ClCompile>
    <ClCompile Include="3. InputOutputArray.cpp">
      <Filter>소스 파일\3.4 Input &amp; Output Array Class</Filter>
    </ClCompile>
  </ItemGroup>
</Project>